
Microsoft Visual Studio Solution File, Format Version 12.00
# Visual Studio Version 17
VisualStudioVersion = 17.7.34031.279
MinimumVisualStudioVersion = 10.0.40219.1
Project("{FAE04EC0-301F-11D3-BF4B-00C04F79EFBC}") = "mttLibraryProject", "mttLibraryProject\mttLibraryProject.csproj", "{50D63863-0D8A-439E-BACE-FA5CC001B720}"
EndProject
Global
	GlobalSection(SolutionConfigurationPlatforms) = preSolution
		Debug|Any CPU = Debug|Any CPU
		Release|Any CPU = Release|Any CPU
	EndGlobalSection
	GlobalSection(ProjectConfigurationPlatforms) = postSolution
		{50D63863-0D8A-439E-BACE-FA5CC001B720}.Debug|Any CPU.ActiveCfg = Debug|Any CPU
		{50D63863-0D8A-439E-BACE-FA5CC001B720}.Debug|Any CPU.Build.0 = Debug|Any CPU
		{50D63863-0D8A-439E-BACE-FA5CC001B720}.Release|Any CPU.ActiveCfg = Release|Any CPU
		{50D63863-0D8A-439E-BACE-FA5CC001B720}.Release|Any CPU.Build.0 = Release|Any CPU
	EndGlobalSection
	GlobalSection(SolutionProperties) = preSolution
		HideSolutionNode = FALSE
	EndGlobalSection
	GlobalSection(ExtensibilityGlobals) = postSolution
		SolutionGuid = {08F5B003-1E49-46DF-91AF-27681F18E3C9}
	EndGlobalSection
EndGlobal
